
Microsoft Visual Studio Solution File, Format Version 11.00
# Visual Studio 2010
Project("{8BC9CEB8-8B4A-11D0-8D11-00A0C91BC942}") = "code", "code.vcxproj", "{7E943A25-1BE4-4A58-86D8-D6E141D07DBF}"
	ProjectSection(ProjectDependencies) = postProject
		{866A638E-093D-4E48-8FB9-83856B77713C} = {866A638E-093D-4E48-8FB9-83856B77713C}
	EndProjectSection
EndProject
Project("{8BC9CEB8-8B4A-11D0-8D11-00A0C91BC942}") = "online_structured_svm", "online_structured_svm\online_structured_svm.vcxproj", "{866A638E-093D-4E48-8FB9-83856B77713C}"
EndProject
Project("{8BC9CEB8-8B4A-11D0-8D11-00A0C91BC942}") = "example_visualize", "examples\windows\visualize.vcxproj", "{439E6854-8D88-4425-826A-42F7E20713B8}"
	ProjectSection(ProjectDependencies) = postProject
		{7E943A25-1BE4-4A58-86D8-D6E141D07DBF} = {7E943A25-1BE4-4A58-86D8-D6E141D07DBF}
		{866A638E-093D-4E48-8FB9-83856B77713C} = {866A638E-093D-4E48-8FB9-83856B77713C}
	EndProjectSection
EndProject
Project("{8BC9CEB8-8B4A-11D0-8D11-00A0C91BC942}") = "example_20q_server", "examples\windows\20q_server.vcxproj", "{B1E3CACC-3E58-4BE5-80A8-C0B86F355CBB}"
	ProjectSection(ProjectDependencies) = postProject
		{7E943A25-1BE4-4A58-86D8-D6E141D07DBF} = {7E943A25-1BE4-4A58-86D8-D6E141D07DBF}
		{866A638E-093D-4E48-8FB9-83856B77713C} = {866A638E-093D-4E48-8FB9-83856B77713C}
	EndProjectSection
EndProject
Project("{8BC9CEB8-8B4A-11D0-8D11-00A0C91BC942}") = "example_interactive_20q", "examples\windows\interactive_20q.vcxproj", "{3E2D9F2C-C4AE-487C-8E5E-3A72E765CFCE}"
	ProjectSection(ProjectDependencies) = postProject
		{7E943A25-1BE4-4A58-86D8-D6E141D07DBF} = {7E943A25-1BE4-4A58-86D8-D6E141D07DBF}
		{866A638E-093D-4E48-8FB9-83856B77713C} = {866A638E-093D-4E48-8FB9-83856B77713C}
	EndProjectSection
EndProject
Project("{8BC9CEB8-8B4A-11D0-8D11-00A0C91BC942}") = "example_interactive_label", "examples\windows\interactive_label.vcxproj", "{A8B1CB1E-BB4A-47A2-937A-E3A8923D750E}"
	ProjectSection(ProjectDependencies) = postProject
		{7E943A25-1BE4-4A58-86D8-D6E141D07DBF} = {7E943A25-1BE4-4A58-86D8-D6E141D07DBF}
		{866A638E-093D-4E48-8FB9-83856B77713C} = {866A638E-093D-4E48-8FB9-83856B77713C}
	EndProjectSection
EndProject
Project("{8BC9CEB8-8B4A-11D0-8D11-00A0C91BC942}") = "example_online_interactive_parts_server", "examples\windows\online_interactive_parts_server.vcxproj", "{CB1F8116-253B-4AE8-B6C1-5F8A83267AFA}"
	ProjectSection(ProjectDependencies) = postProject
		{7E943A25-1BE4-4A58-86D8-D6E141D07DBF} = {7E943A25-1BE4-4A58-86D8-D6E141D07DBF}
		{866A638E-093D-4E48-8FB9-83856B77713C} = {866A638E-093D-4E48-8FB9-83856B77713C}
	EndProjectSection
EndProject
Project("{8BC9CEB8-8B4A-11D0-8D11-00A0C91BC942}") = "example_test_detector", "examples\windows\test_detector.vcxproj", "{5A6E8EA7-82FB-4FC0-AD61-171C3C8D2A35}"
	ProjectSection(ProjectDependencies) = postProject
		{7E943A25-1BE4-4A58-86D8-D6E141D07DBF} = {7E943A25-1BE4-4A58-86D8-D6E141D07DBF}
		{866A638E-093D-4E48-8FB9-83856B77713C} = {866A638E-093D-4E48-8FB9-83856B77713C}
	EndProjectSection
EndProject
Project("{8BC9CEB8-8B4A-11D0-8D11-00A0C91BC942}") = "example_test_localized_v20q", "examples\windows\test_localized_v20q.vcxproj", "{53485992-BB20-4C9F-BB23-F486217FE4C1}"
	ProjectSection(ProjectDependencies) = postProject
		{7E943A25-1BE4-4A58-86D8-D6E141D07DBF} = {7E943A25-1BE4-4A58-86D8-D6E141D07DBF}
		{866A638E-093D-4E48-8FB9-83856B77713C} = {866A638E-093D-4E48-8FB9-83856B77713C}
	EndProjectSection
EndProject
Project("{8BC9CEB8-8B4A-11D0-8D11-00A0C91BC942}") = "example_test_multiclass_detector", "examples\windows\test_multiclass_detector.vcxproj", "{B702E17C-E131-43A9-A35D-9973D08494C7}"
	ProjectSection(ProjectDependencies) = postProject
		{7E943A25-1BE4-4A58-86D8-D6E141D07DBF} = {7E943A25-1BE4-4A58-86D8-D6E141D07DBF}
		{866A638E-093D-4E48-8FB9-83856B77713C} = {866A638E-093D-4E48-8FB9-83856B77713C}
	EndProjectSection
EndProject
Project("{8BC9CEB8-8B4A-11D0-8D11-00A0C91BC942}") = "example_train_detector", "examples\windows\train_detector.vcxproj", "{F6E2594D-4AB4-40BF-BCD7-8B3F930750C4}"
	ProjectSection(ProjectDependencies) = postProject
		{7E943A25-1BE4-4A58-86D8-D6E141D07DBF} = {7E943A25-1BE4-4A58-86D8-D6E141D07DBF}
		{866A638E-093D-4E48-8FB9-83856B77713C} = {866A638E-093D-4E48-8FB9-83856B77713C}
	EndProjectSection
EndProject
Project("{8BC9CEB8-8B4A-11D0-8D11-00A0C91BC942}") = "example_train_localized_v20q", "examples\windows\train_localized_v20q.vcxproj", "{F8B6769E-2A7D-4888-80C4-0C85032AE263}"
	ProjectSection(ProjectDependencies) = postProject
		{7E943A25-1BE4-4A58-86D8-D6E141D07DBF} = {7E943A25-1BE4-4A58-86D8-D6E141D07DBF}
		{866A638E-093D-4E48-8FB9-83856B77713C} = {866A638E-093D-4E48-8FB9-83856B77713C}
	EndProjectSection
EndProject
Project("{8BC9CEB8-8B4A-11D0-8D11-00A0C91BC942}") = "example_train_multiclass_detector", "examples\windows\train_multiclass_detector.vcxproj", "{4A7D853C-2F4C-45D2-8231-E757D6CACEF6}"
	ProjectSection(ProjectDependencies) = postProject
		{7E943A25-1BE4-4A58-86D8-D6E141D07DBF} = {7E943A25-1BE4-4A58-86D8-D6E141D07DBF}
		{866A638E-093D-4E48-8FB9-83856B77713C} = {866A638E-093D-4E48-8FB9-83856B77713C}
	EndProjectSection
EndProject
Project("{2150E333-8FDC-42A3-9474-1A3956D46DE8}") = "Solution Items", "Solution Items", "{807A8BC9-0300-436D-B480-8F76DB55184B}"
	ProjectSection(SolutionItems) = preProject
		Performance1.psess = Performance1.psess
	EndProjectSection
EndProject
Project("{8BC9CEB8-8B4A-11D0-8D11-00A0C91BC942}") = "example_import_birds200", "examples\windows\import_birds200.vcxproj", "{D5B01A53-1463-409F-9B40-F1B12D30F812}"
	ProjectSection(ProjectDependencies) = postProject
		{7E943A25-1BE4-4A58-86D8-D6E141D07DBF} = {7E943A25-1BE4-4A58-86D8-D6E141D07DBF}
		{866A638E-093D-4E48-8FB9-83856B77713C} = {866A638E-093D-4E48-8FB9-83856B77713C}
	EndProjectSection
EndProject
Project("{8BC9CEB8-8B4A-11D0-8D11-00A0C91BC942}") = "example_extract_image_level_features", "examples\windows\extract_image_level_features.vcxproj", "{206838F9-D252-481F-83C9-0B12681E66D1}"
	ProjectSection(ProjectDependencies) = postProject
		{7E943A25-1BE4-4A58-86D8-D6E141D07DBF} = {7E943A25-1BE4-4A58-86D8-D6E141D07DBF}
		{866A638E-093D-4E48-8FB9-83856B77713C} = {866A638E-093D-4E48-8FB9-83856B77713C}
	EndProjectSection
EndProject
Project("{8BC9CEB8-8B4A-11D0-8D11-00A0C91BC942}") = "structured_svm_multiclass", "online_structured_svm\examples\windows\structured_svm_multiclass.vcxproj", "{E986F3A3-86E8-4941-98D8-BF5AFF7D1FB3}"
	ProjectSection(ProjectDependencies) = postProject
		{866A638E-093D-4E48-8FB9-83856B77713C} = {866A638E-093D-4E48-8FB9-83856B77713C}
	EndProjectSection
EndProject
Global
	GlobalSection(SolutionConfigurationPlatforms) = preSolution
		Debug|Win32 = Debug|Win32
		Debug|x64 = Debug|x64
		Release|Win32 = Release|Win32
		Release|x64 = Release|x64
	EndGlobalSection
	GlobalSection(ProjectConfigurationPlatforms) = postSolution
		{7E943A25-1BE4-4A58-86D8-D6E141D07DBF}.Debug|Win32.ActiveCfg = Debug|Win32
		{7E943A25-1BE4-4A58-86D8-D6E141D07DBF}.Debug|Win32.Build.0 = Debug|Win32
		{7E943A25-1BE4-4A58-86D8-D6E141D07DBF}.Debug|x64.ActiveCfg = Debug|x64
		{7E943A25-1BE4-4A58-86D8-D6E141D07DBF}.Debug|x64.Build.0 = Debug|x64
		{7E943A25-1BE4-4A58-86D8-D6E141D07DBF}.Release|Win32.ActiveCfg = Release|Win32
		{7E943A25-1BE4-4A58-86D8-D6E141D07DBF}.Release|Win32.Build.0 = Release|Win32
		{7E943A25-1BE4-4A58-86D8-D6E141D07DBF}.Release|x64.ActiveCfg = Release|x64
		{7E943A25-1BE4-4A58-86D8-D6E141D07DBF}.Release|x64.Build.0 = Release|x64
		{866A638E-093D-4E48-8FB9-83856B77713C}.Debug|Win32.ActiveCfg = Debug|Win32
		{866A638E-093D-4E48-8FB9-83856B77713C}.Debug|Win32.Build.0 = Debug|Win32
		{866A638E-093D-4E48-8FB9-83856B77713C}.Debug|x64.ActiveCfg = Debug|x64
		{866A638E-093D-4E48-8FB9-83856B77713C}.Debug|x64.Build.0 = Debug|x64
		{866A638E-093D-4E48-8FB9-83856B77713C}.Release|Win32.ActiveCfg = Release|Win32
		{866A638E-093D-4E48-8FB9-83856B77713C}.Release|Win32.Build.0 = Release|Win32
		{866A638E-093D-4E48-8FB9-83856B77713C}.Release|x64.ActiveCfg = Release|x64
		{866A638E-093D-4E48-8FB9-83856B77713C}.Release|x64.Build.0 = Release|x64
		{439E6854-8D88-4425-826A-42F7E20713B8}.Debug|Win32.ActiveCfg = Debug|Win32
		{439E6854-8D88-4425-826A-42F7E20713B8}.Debug|Win32.Build.0 = Debug|Win32
		{439E6854-8D88-4425-826A-42F7E20713B8}.Debug|x64.ActiveCfg = Debug|x64
		{439E6854-8D88-4425-826A-42F7E20713B8}.Debug|x64.Build.0 = Debug|x64
		{439E6854-8D88-4425-826A-42F7E20713B8}.Release|Win32.ActiveCfg = Release|Win32
		{439E6854-8D88-4425-826A-42F7E20713B8}.Release|Win32.Build.0 = Release|Win32
		{439E6854-8D88-4425-826A-42F7E20713B8}.Release|x64.ActiveCfg = Release|x64
		{439E6854-8D88-4425-826A-42F7E20713B8}.Release|x64.Build.0 = Release|x64
		{B1E3CACC-3E58-4BE5-80A8-C0B86F355CBB}.Debug|Win32.ActiveCfg = Debug|Win32
		{B1E3CACC-3E58-4BE5-80A8-C0B86F355CBB}.Debug|Win32.Build.0 = Debug|Win32
		{B1E3CACC-3E58-4BE5-80A8-C0B86F355CBB}.Debug|x64.ActiveCfg = Debug|x64
		{B1E3CACC-3E58-4BE5-80A8-C0B86F355CBB}.Debug|x64.Build.0 = Debug|x64
		{B1E3CACC-3E58-4BE5-80A8-C0B86F355CBB}.Release|Win32.ActiveCfg = Release|Win32
		{B1E3CACC-3E58-4BE5-80A8-C0B86F355CBB}.Release|Win32.Build.0 = Release|Win32
		{B1E3CACC-3E58-4BE5-80A8-C0B86F355CBB}.Release|x64.ActiveCfg = Release|x64
		{B1E3CACC-3E58-4BE5-80A8-C0B86F355CBB}.Release|x64.Build.0 = Release|x64
		{3E2D9F2C-C4AE-487C-8E5E-3A72E765CFCE}.Debug|Win32.ActiveCfg = Debug|Win32
		{3E2D9F2C-C4AE-487C-8E5E-3A72E765CFCE}.Debug|Win32.Build.0 = Debug|Win32
		{3E2D9F2C-C4AE-487C-8E5E-3A72E765CFCE}.Debug|x64.ActiveCfg = Debug|x64
		{3E2D9F2C-C4AE-487C-8E5E-3A72E765CFCE}.Debug|x64.Build.0 = Debug|x64
		{3E2D9F2C-C4AE-487C-8E5E-3A72E765CFCE}.Release|Win32.ActiveCfg = Release|Win32
		{3E2D9F2C-C4AE-487C-8E5E-3A72E765CFCE}.Release|Win32.Build.0 = Release|Win32
		{3E2D9F2C-C4AE-487C-8E5E-3A72E765CFCE}.Release|x64.ActiveCfg = Release|x64
		{3E2D9F2C-C4AE-487C-8E5E-3A72E765CFCE}.Release|x64.Build.0 = Release|x64
		{A8B1CB1E-BB4A-47A2-937A-E3A8923D750E}.Debug|Win32.ActiveCfg = Debug|Win32
		{A8B1CB1E-BB4A-47A2-937A-E3A8923D750E}.Debug|Win32.Build.0 = Debug|Win32
		{A8B1CB1E-BB4A-47A2-937A-E3A8923D750E}.Debug|x64.ActiveCfg = Debug|x64
		{A8B1CB1E-BB4A-47A2-937A-E3A8923D750E}.Debug|x64.Build.0 = Debug|x64
		{A8B1CB1E-BB4A-47A2-937A-E3A8923D750E}.Release|Win32.ActiveCfg = Release|Win32
		{A8B1CB1E-BB4A-47A2-937A-E3A8923D750E}.Release|Win32.Build.0 = Release|Win32
		{A8B1CB1E-BB4A-47A2-937A-E3A8923D750E}.Release|x64.ActiveCfg = Release|x64
		{A8B1CB1E-BB4A-47A2-937A-E3A8923D750E}.Release|x64.Build.0 = Release|x64
		{CB1F8116-253B-4AE8-B6C1-5F8A83267AFA}.Debug|Win32.ActiveCfg = Debug|Win32
		{CB1F8116-253B-4AE8-B6C1-5F8A83267AFA}.Debug|Win32.Build.0 = Debug|Win32
		{CB1F8116-253B-4AE8-B6C1-5F8A83267AFA}.Debug|x64.ActiveCfg = Debug|x64
		{CB1F8116-253B-4AE8-B6C1-5F8A83267AFA}.Debug|x64.Build.0 = Debug|x64
		{CB1F8116-253B-4AE8-B6C1-5F8A83267AFA}.Release|Win32.ActiveCfg = Release|Win32
		{CB1F8116-253B-4AE8-B6C1-5F8A83267AFA}.Release|Win32.Build.0 = Release|Win32
		{CB1F8116-253B-4AE8-B6C1-5F8A83267AFA}.Release|x64.ActiveCfg = Release|x64
		{CB1F8116-253B-4AE8-B6C1-5F8A83267AFA}.Release|x64.Build.0 = Release|x64
		{5A6E8EA7-82FB-4FC0-AD61-171C3C8D2A35}.Debug|Win32.ActiveCfg = Debug|Win32
		{5A6E8EA7-82FB-4FC0-AD61-171C3C8D2A35}.Debug|Win32.Build.0 = Debug|Win32
		{5A6E8EA7-82FB-4FC0-AD61-171C3C8D2A35}.Debug|x64.ActiveCfg = Debug|x64
		{5A6E8EA7-82FB-4FC0-AD61-171C3C8D2A35}.Debug|x64.Build.0 = Debug|x64
		{5A6E8EA7-82FB-4FC0-AD61-171C3C8D2A35}.Release|Win32.ActiveCfg = Release|Win32
		{5A6E8EA7-82FB-4FC0-AD61-171C3C8D2A35}.Release|Win32.Build.0 = Release|Win32
		{5A6E8EA7-82FB-4FC0-AD61-171C3C8D2A35}.Release|x64.ActiveCfg = Release|x64
		{5A6E8EA7-82FB-4FC0-AD61-171C3C8D2A35}.Release|x64.Build.0 = Release|x64
		{53485992-BB20-4C9F-BB23-F486217FE4C1}.Debug|Win32.ActiveCfg = Debug|Win32
		{53485992-BB20-4C9F-BB23-F486217FE4C1}.Debug|Win32.Build.0 = Debug|Win32
		{53485992-BB20-4C9F-BB23-F486217FE4C1}.Debug|x64.ActiveCfg = Debug|x64
		{53485992-BB20-4C9F-BB23-F486217FE4C1}.Debug|x64.Build.0 = Debug|x64
		{53485992-BB20-4C9F-BB23-F486217FE4C1}.Release|Win32.ActiveCfg = Release|Win32
		{53485992-BB20-4C9F-BB23-F486217FE4C1}.Release|Win32.Build.0 = Release|Win32
		{53485992-BB20-4C9F-BB23-F486217FE4C1}.Release|x64.ActiveCfg = Release|x64
		{53485992-BB20-4C9F-BB23-F486217FE4C1}.Release|x64.Build.0 = Release|x64
		{B702E17C-E131-43A9-A35D-9973D08494C7}.Debug|Win32.ActiveCfg = Debug|Win32
		{B702E17C-E131-43A9-A35D-9973D08494C7}.Debug|Win32.Build.0 = Debug|Win32
		{B702E17C-E131-43A9-A35D-9973D08494C7}.Debug|x64.ActiveCfg = Debug|x64
		{B702E17C-E131-43A9-A35D-9973D08494C7}.Debug|x64.Build.0 = Debug|x64
		{B702E17C-E131-43A9-A35D-9973D08494C7}.Release|Win32.ActiveCfg = Release|Win32
		{B702E17C-E131-43A9-A35D-9973D08494C7}.Release|Win32.Build.0 = Release|Win32
		{B702E17C-E131-43A9-A35D-9973D08494C7}.Release|x64.ActiveCfg = Release|x64
		{B702E17C-E131-43A9-A35D-9973D08494C7}.Release|x64.Build.0 = Release|x64
		{F6E2594D-4AB4-40BF-BCD7-8B3F930750C4}.Debug|Win32.ActiveCfg = Debug|Win32
		{F6E2594D-4AB4-40BF-BCD7-8B3F930750C4}.Debug|Win32.Build.0 = Debug|Win32
		{F6E2594D-4AB4-40BF-BCD7-8B3F930750C4}.Debug|x64.ActiveCfg = Debug|x64
		{F6E2594D-4AB4-40BF-BCD7-8B3F930750C4}.Debug|x64.Build.0 = Debug|x64
		{F6E2594D-4AB4-40BF-BCD7-8B3F930750C4}.Release|Win32.ActiveCfg = Release|Win32
		{F6E2594D-4AB4-40BF-BCD7-8B3F930750C4}.Release|Win32.Build.0 = Release|Win32
		{F6E2594D-4AB4-40BF-BCD7-8B3F930750C4}.Release|x64.ActiveCfg = Release|x64
		{F6E2594D-4AB4-40BF-BCD7-8B3F930750C4}.Release|x64.Build.0 = Release|x64
		{F8B6769E-2A7D-4888-80C4-0C85032AE263}.Debug|Win32.ActiveCfg = Debug|Win32
		{F8B6769E-2A7D-4888-80C4-0C85032AE263}.Debug|Win32.Build.0 = Debug|Win32
		{F8B6769E-2A7D-4888-80C4-0C85032AE263}.Debug|x64.ActiveCfg = Debug|x64
		{F8B6769E-2A7D-4888-80C4-0C85032AE263}.Debug|x64.Build.0 = Debug|x64
		{F8B6769E-2A7D-4888-80C4-0C85032AE263}.Release|Win32.ActiveCfg = Release|Win32
		{F8B6769E-2A7D-4888-80C4-0C85032AE263}.Release|Win32.Build.0 = Release|Win32
		{F8B6769E-2A7D-4888-80C4-0C85032AE263}.Release|x64.ActiveCfg = Release|x64
		{F8B6769E-2A7D-4888-80C4-0C85032AE263}.Release|x64.Build.0 = Release|x64
		{4A7D853C-2F4C-45D2-8231-E757D6CACEF6}.Debug|Win32.ActiveCfg = Debug|Win32
		{4A7D853C-2F4C-45D2-8231-E757D6CACEF6}.Debug|Win32.Build.0 = Debug|Win32
		{4A7D853C-2F4C-45D2-8231-E757D6CACEF6}.Debug|x64.ActiveCfg = Debug|x64
		{4A7D853C-2F4C-45D2-8231-E757D6CACEF6}.Debug|x64.Build.0 = Debug|x64
		{4A7D853C-2F4C-45D2-8231-E757D6CACEF6}.Release|Win32.ActiveCfg = Release|Win32
		{4A7D853C-2F4C-45D2-8231-E757D6CACEF6}.Release|Win32.Build.0 = Release|Win32
		{4A7D853C-2F4C-45D2-8231-E757D6CACEF6}.Release|x64.ActiveCfg = Release|x64
		{4A7D853C-2F4C-45D2-8231-E757D6CACEF6}.Release|x64.Build.0 = Release|x64
		{D996F531-26FE-483E-B674-B6E3248511A0}.Debug|Win32.ActiveCfg = Debug|Win32
		{D996F531-26FE-483E-B674-B6E3248511A0}.Debug|Win32.Build.0 = Debug|Win32
		{D996F531-26FE-483E-B674-B6E3248511A0}.Debug|x64.ActiveCfg = Debug|x64
		{D996F531-26FE-483E-B674-B6E3248511A0}.Debug|x64.Build.0 = Debug|x64
		{D996F531-26FE-483E-B674-B6E3248511A0}.Release|Win32.ActiveCfg = Release|Win32
		{D996F531-26FE-483E-B674-B6E3248511A0}.Release|Win32.Build.0 = Release|Win32
		{D996F531-26FE-483E-B674-B6E3248511A0}.Release|x64.ActiveCfg = Release|x64
		{D996F531-26FE-483E-B674-B6E3248511A0}.Release|x64.Build.0 = Release|x64
		{D5B01A53-1463-409F-9B40-F1B12D30F812}.Debug|Win32.ActiveCfg = Debug|Win32
		{D5B01A53-1463-409F-9B40-F1B12D30F812}.Debug|Win32.Build.0 = Debug|Win32
		{D5B01A53-1463-409F-9B40-F1B12D30F812}.Debug|x64.ActiveCfg = Debug|x64
		{D5B01A53-1463-409F-9B40-F1B12D30F812}.Debug|x64.Build.0 = Debug|x64
		{D5B01A53-1463-409F-9B40-F1B12D30F812}.Release|Win32.ActiveCfg = Release|Win32
		{D5B01A53-1463-409F-9B40-F1B12D30F812}.Release|Win32.Build.0 = Release|Win32
		{D5B01A53-1463-409F-9B40-F1B12D30F812}.Release|x64.ActiveCfg = Release|x64
		{D5B01A53-1463-409F-9B40-F1B12D30F812}.Release|x64.Build.0 = Release|x64
		{C8B807C8-EA0B-4B6C-99F4-BC20B7B9F4D2}.Debug|Win32.ActiveCfg = Debug|Win32
		{C8B807C8-EA0B-4B6C-99F4-BC20B7B9F4D2}.Debug|Win32.Build.0 = Debug|Win32
		{C8B807C8-EA0B-4B6C-99F4-BC20B7B9F4D2}.Debug|x64.ActiveCfg = Debug|x64
		{C8B807C8-EA0B-4B6C-99F4-BC20B7B9F4D2}.Debug|x64.Build.0 = Debug|x64
		{C8B807C8-EA0B-4B6C-99F4-BC20B7B9F4D2}.Release|Win32.ActiveCfg = Release|Win32
		{C8B807C8-EA0B-4B6C-99F4-BC20B7B9F4D2}.Release|Win32.Build.0 = Release|Win32
		{C8B807C8-EA0B-4B6C-99F4-BC20B7B9F4D2}.Release|x64.ActiveCfg = Release|x64
		{C8B807C8-EA0B-4B6C-99F4-BC20B7B9F4D2}.Release|x64.Build.0 = Release|x64
		{BA45279C-F74B-47C6-BE47-6569FD6B55C5}.Debug|Win32.ActiveCfg = Debug|Win32
		{BA45279C-F74B-47C6-BE47-6569FD6B55C5}.Debug|Win32.Build.0 = Debug|Win32
		{BA45279C-F74B-47C6-BE47-6569FD6B55C5}.Debug|x64.ActiveCfg = Debug|x64
		{BA45279C-F74B-47C6-BE47-6569FD6B55C5}.Debug|x64.Build.0 = Debug|x64
		{BA45279C-F74B-47C6-BE47-6569FD6B55C5}.Release|Win32.ActiveCfg = Release|Win32
		{BA45279C-F74B-47C6-BE47-6569FD6B55C5}.Release|Win32.Build.0 = Release|Win32
		{BA45279C-F74B-47C6-BE47-6569FD6B55C5}.Release|x64.ActiveCfg = Release|x64
		{BA45279C-F74B-47C6-BE47-6569FD6B55C5}.Release|x64.Build.0 = Release|x64
		{206838F9-D252-481F-83C9-0B12681E66D1}.Debug|Win32.ActiveCfg = Debug|Win32
		{206838F9-D252-481F-83C9-0B12681E66D1}.Debug|Win32.Build.0 = Debug|Win32
		{206838F9-D252-481F-83C9-0B12681E66D1}.Debug|x64.ActiveCfg = Debug|x64
		{206838F9-D252-481F-83C9-0B12681E66D1}.Debug|x64.Build.0 = Debug|x64
		{206838F9-D252-481F-83C9-0B12681E66D1}.Release|Win32.ActiveCfg = Release|Win32
		{206838F9-D252-481F-83C9-0B12681E66D1}.Release|Win32.Build.0 = Release|Win32
		{206838F9-D252-481F-83C9-0B12681E66D1}.Release|x64.ActiveCfg = Release|x64
		{206838F9-D252-481F-83C9-0B12681E66D1}.Release|x64.Build.0 = Release|x64
		{E986F3A3-86E8-4941-98D8-BF5AFF7D1FB3}.Debug|Win32.ActiveCfg = Debug|Win32
		{E986F3A3-86E8-4941-98D8-BF5AFF7D1FB3}.Debug|Win32.Build.0 = Debug|Win32
		{E986F3A3-86E8-4941-98D8-BF5AFF7D1FB3}.Debug|x64.ActiveCfg = Debug|x64
		{E986F3A3-86E8-4941-98D8-BF5AFF7D1FB3}.Debug|x64.Build.0 = Debug|x64
		{E986F3A3-86E8-4941-98D8-BF5AFF7D1FB3}.Release|Win32.ActiveCfg = Release|Win32
		{E986F3A3-86E8-4941-98D8-BF5AFF7D1FB3}.Release|Win32.Build.0 = Release|Win32
		{E986F3A3-86E8-4941-98D8-BF5AFF7D1FB3}.Release|x64.ActiveCfg = Release|x64
		{E986F3A3-86E8-4941-98D8-BF5AFF7D1FB3}.Release|x64.Build.0 = Release|x64
	EndGlobalSection
	GlobalSection(SolutionProperties) = preSolution
		HideSolutionNode = FALSE
	EndGlobalSection
EndGlobal
